# Generated by AI Companion extension. Do not edit manually.
version: 1
packages:
  cgk-code-quality-review:
    ref: Cegeka-Application-Services/ai-assets/skills/cgk-code-quality-review#CGK Code Quality Review@v1.0.0
    version: 1.0.0
    type: skill
    id: skills/cgk-code-quality-review
    is_virtual: true
    deployed_files:
      - .github/skills/cgk-code-quality-review
    content_hash: 21a73df557704efc8b2b760e9548aa0ba2465b9860092f7b5cc7c8ecd562e0f5
    original_commit_sha: d91fef722d9aa56d322965a143b29ba20ab684d3
  cgk-coding-conventions:
    ref: Cegeka-Application-Services/ai-assets/skills/cgk-coding-conventions#CGK Coding Conventions@v1.0.1
    version: 1.0.1
    type: skill
    id: skills/cgk-coding-conventions
    is_virtual: true
    deployed_files:
      - .github/skills/cgk-coding-conventions
    content_hash: c85f8550ad74dfc90561a6f72c3d1c58ecde51c884aab6512fdd8f4b4f6babdb
    original_commit_sha: d91fef722d9aa56d322965a143b29ba20ab684d3
